
Microsoft Visual Studio Solution File, Format Version 12.00
# Visual Studio Version 16
VisualStudioVersion = 16.0.30717.126
MinimumVisualStudioVersion = 10.0.40219.1
Project("{9A19103F-16F7-4668-BE54-9A1E7A4F7556}") = "RabbitMQMessagePublisher", "RabbitMQMessagePublisher.csproj", "{73811AA2-AB74-45C7-A0E1-E4081099BA44}"
EndProject
Project("{FAE04EC0-301F-11D3-BF4B-00C04F79EFBC}") = "RabbitMQMessagePublisher.Tests", "..\RabbitM@MessagePublisher.Tests\RabbitMQMessagePublisher.Tests.csproj", "{BB05D570-3D23-4DCA-A228-B336F9E167FF}"
EndProject
Global
	GlobalSection(SolutionConfigurationPlatforms) = preSolution
		Debug|Any CPU = Debug|Any CPU
		Release|Any CPU = Release|Any CPU
	EndGlobalSection
	GlobalSection(ProjectConfigurationPlatforms) = postSolution
		{73811AA2-AB74-45C7-A0E1-E4081099BA44}.Debug|Any CPU.ActiveCfg = Debug|Any CPU
		{73811AA2-AB74-45C7-A0E1-E4081099BA44}.Debug|Any CPU.Build.0 = Debug|Any CPU
		{73811AA2-AB74-45C7-A0E1-E4081099BA44}.Release|Any CPU.ActiveCfg = Release|Any CPU
		{73811AA2-AB74-45C7-A0E1-E4081099BA44}.Release|Any CPU.Build.0 = Release|Any CPU
		{BB05D570-3D23-4DCA-A228-B336F9E167FF}.Debug|Any CPU.ActiveCfg = Debug|Any CPU
		{BB05D570-3D23-4DCA-A228-B336F9E167FF}.Debug|Any CPU.Build.0 = Debug|Any CPU
		{BB05D570-3D23-4DCA-A228-B336F9E167FF}.Release|Any CPU.ActiveCfg = Release|Any CPU
		{BB05D570-3D23-4DCA-A228-B336F9E167FF}.Release|Any CPU.Build.0 = Release|Any CPU
	EndGlobalSection
	GlobalSection(SolutionProperties) = preSolution
		HideSolutionNode = FALSE
	EndGlobalSection
	GlobalSection(ExtensibilityGlobals) = postSolution
		SolutionGuid = {4D649706-E6BA-4EBB-B8D5-A7FA5578444C}
	EndGlobalSection
EndGlobal
